// !$*UTF8*$!
{
	archiveVersion = 1;
	classes = {
	};
	objectVersion = 56;
	objects = {

/* Begin PBXBuildFile section */
		6B1819432C1AEB0F009B0236 /* AppDelegate.swift in Sources */ = {isa = PBXBuildFile; fileRef = 6B1819422C1AEB0F009B0236 /* AppDelegate.swift */; };
		6B1819452C1AEB0F009B0236 /* SceneDelegate.swift in Sources */ = {isa = PBXBuildFile; fileRef = 6B1819442C1AEB0F009B0236 /* SceneDelegate.swift */; };
		6B1819472C1AEB0F009B0236 /* OnboardingViewController.swift in Sources */ = {isa = PBXBuildFile; fileRef = 6B1819462C1AEB0F009B0236 /* OnboardingViewController.swift */; };
		6B18194C2C1AEB10009B0236 /* Assets.xcassets in Resources */ = {isa = PBXBuildFile; fileRef = 6B18194B2C1AEB10009B0236 /* Assets.xcassets */; };
		6B18194F2C1AEB10009B0236 /* Base in Resources */ = {isa = PBXBuildFile; fileRef = 6B18194E2C1AEB10009B0236 /* Base */; };
		6B1819682C1B2388009B0236 /* ProfileSettingViewController.swift in Sources */ = {isa = PBXBuildFile; fileRef = 6B1819672C1B2387009B0236 /* ProfileSettingViewController.swift */; };
		6B18196B2C1B261C009B0236 /* IconType.swift in Sources */ = {isa = PBXBuildFile; fileRef = 6B18196A2C1B261C009B0236 /* IconType.swift */; };
		6B18196D2C1B271C009B0236 /* ProfileType.swift in Sources */ = {isa = PBXBuildFile; fileRef = 6B18196C2C1B271C009B0236 /* ProfileType.swift */; };
		6B1819712C1B39A1009B0236 /* ProfileView.swift in Sources */ = {isa = PBXBuildFile; fileRef = 6B1819702C1B39A1009B0236 /* ProfileView.swift */; };
		6B1819732C1B39F8009B0236 /* InputNicknameView.swift in Sources */ = {isa = PBXBuildFile; fileRef = 6B1819722C1B39F8009B0236 /* InputNicknameView.swift */; };
		6B1819752C1B45D1009B0236 /* FontType.swift in Sources */ = {isa = PBXBuildFile; fileRef = 6B1819742C1B45D1009B0236 /* FontType.swift */; };
		6B1819782C1BCA2C009B0236 /* UserData.swift in Sources */ = {isa = PBXBuildFile; fileRef = 6B1819772C1BCA2C009B0236 /* UserData.swift */; };
		6B18197A2C1BCE83009B0236 /* NicknameChecker.swift in Sources */ = {isa = PBXBuildFile; fileRef = 6B1819792C1BCE83009B0236 /* NicknameChecker.swift */; };
		6B18197C2C1BDB1A009B0236 /* NicknameState.swift in Sources */ = {isa = PBXBuildFile; fileRef = 6B18197B2C1BDB1A009B0236 /* NicknameState.swift */; };
		6B18197E2C1BFEED009B0236 /* SelectProfileViewController.swift in Sources */ = {isa = PBXBuildFile; fileRef = 6B18197D2C1BFEED009B0236 /* SelectProfileViewController.swift */; };
		6B1819802C1BFF0F009B0236 /* MainViewController.swift in Sources */ = {isa = PBXBuildFile; fileRef = 6B18197F2C1BFF0F009B0236 /* MainViewController.swift */; };
		6B1819822C1C0576009B0236 /* Identifier+Extension.swift in Sources */ = {isa = PBXBuildFile; fileRef = 6B1819812C1C0576009B0236 /* Identifier+Extension.swift */; };
		6B18198A2C1C0690009B0236 /* ImageCollectionViewCell.swift in Sources */ = {isa = PBXBuildFile; fileRef = 6B1819892C1C0690009B0236 /* ImageCollectionViewCell.swift */; };
		6B18198C2C1C19FC009B0236 /* ProFileViewModel.swift in Sources */ = {isa = PBXBuildFile; fileRef = 6B18198B2C1C19FC009B0236 /* ProFileViewModel.swift */; };
		6B18198F2C1C2CD8009B0236 /* TabBarController.swift in Sources */ = {isa = PBXBuildFile; fileRef = 6B18198E2C1C2CD8009B0236 /* TabBarController.swift */; };
		6B1819932C1C2E63009B0236 /* SettingViewController.swift in Sources */ = {isa = PBXBuildFile; fileRef = 6B1819922C1C2E63009B0236 /* SettingViewController.swift */; };
		6B1819952C1C59B7009B0236 /* RecordListTableViewCell.swift in Sources */ = {isa = PBXBuildFile; fileRef = 6B1819942C1C59B7009B0236 /* RecordListTableViewCell.swift */; };
		6B1819972C1C5B05009B0236 /* MainViewModel.swift in Sources */ = {isa = PBXBuildFile; fileRef = 6B1819962C1C5B05009B0236 /* MainViewModel.swift */; };
		6B1819992C1D5575009B0236 /* RecordListHeaderView.swift in Sources */ = {isa = PBXBuildFile; fileRef = 6B1819982C1D5575009B0236 /* RecordListHeaderView.swift */; };
		6B18199B2C1D623B009B0236 /* SearchResultViewController.swift in Sources */ = {isa = PBXBuildFile; fileRef = 6B18199A2C1D623B009B0236 /* SearchResultViewController.swift */; };
		6B1819A12C1D6A53009B0236 /* SearchResultCollectionViewCell.swift in Sources */ = {isa = PBXBuildFile; fileRef = 6B1819A02C1D6A53009B0236 /* SearchResultCollectionViewCell.swift */; };
		6B1819A42C1D7C53009B0236 /* ShoppingList.swift in Sources */ = {isa = PBXBuildFile; fileRef = 6B1819A32C1D7C53009B0236 /* ShoppingList.swift */; };
		6B1819A62C1D7DAF009B0236 /* SearchViewModel.swift in Sources */ = {isa = PBXBuildFile; fileRef = 6B1819A52C1D7DAF009B0236 /* SearchViewModel.swift */; };
		6B1819A82C1D831C009B0236 /* SearchRecord.swift in Sources */ = {isa = PBXBuildFile; fileRef = 6B1819A72C1D831C009B0236 /* SearchRecord.swift */; };
		6B1819AA2C1D9182009B0236 /* SearchFilterCollectionViewCell.swift in Sources */ = {isa = PBXBuildFile; fileRef = 6B1819A92C1D9182009B0236 /* SearchFilterCollectionViewCell.swift */; };
		6B1819AC2C1D9E63009B0236 /* SearchFilterButtonState.swift in Sources */ = {isa = PBXBuildFile; fileRef = 6B1819AB2C1D9E63009B0236 /* SearchFilterButtonState.swift */; };
		6B1819AE2C1D9F49009B0236 /* URLList.swift in Sources */ = {isa = PBXBuildFile; fileRef = 6B1819AD2C1D9F49009B0236 /* URLList.swift */; };
		6B1819B02C1DAFA6009B0236 /* SearchResultSections.swift in Sources */ = {isa = PBXBuildFile; fileRef = 6B1819AF2C1DAFA6009B0236 /* SearchResultSections.swift */; };
		6B1819B22C1DC366009B0236 /* SearchResultHeaderView.swift in Sources */ = {isa = PBXBuildFile; fileRef = 6B1819B12C1DC366009B0236 /* SearchResultHeaderView.swift */; };
		6B1819B42C1DC4F9009B0236 /* SearchFilterButton.swift in Sources */ = {isa = PBXBuildFile; fileRef = 6B1819B32C1DC4F9009B0236 /* SearchFilterButton.swift */; };
		6B1819B72C1DCE65009B0236 /* UILabel+Extension.swift in Sources */ = {isa = PBXBuildFile; fileRef = 6B1819B62C1DCE65009B0236 /* UILabel+Extension.swift */; };
		6B3E4D652C1EAD0D00C0C4A6 /* ProductWebViewController.swift in Sources */ = {isa = PBXBuildFile; fileRef = 6B3E4D642C1EAD0D00C0C4A6 /* ProductWebViewController.swift */; };
		6B3E4D672C1EB12500C0C4A6 /* WebViewModel.swift in Sources */ = {isa = PBXBuildFile; fileRef = 6B3E4D662C1EB12500C0C4A6 /* WebViewModel.swift */; };
		6B3E4D692C1EBD6C00C0C4A6 /* String+Extension.swift in Sources */ = {isa = PBXBuildFile; fileRef = 6B3E4D682C1EBD6C00C0C4A6 /* String+Extension.swift */; };
		6B3E4D6B2C1ECF1600C0C4A6 /* SettingProfileTableCell.swift in Sources */ = {isa = PBXBuildFile; fileRef = 6B3E4D6A2C1ECF1600C0C4A6 /* SettingProfileTableCell.swift */; };
		6B3E4D6D2C1ECF4600C0C4A6 /* SettingNormalTableCell.swift in Sources */ = {isa = PBXBuildFile; fileRef = 6B3E4D6C2C1ECF4600C0C4A6 /* SettingNormalTableCell.swift */; };
		6B3E4D6F2C1EF60A00C0C4A6 /* SettingList.swift in Sources */ = {isa = PBXBuildFile; fileRef = 6B3E4D6E2C1EF60A00C0C4A6 /* SettingList.swift */; };
		6B3E4D712C1F100200C0C4A6 /* ProfileSettingViewControllerType.swift in Sources */ = {isa = PBXBuildFile; fileRef = 6B3E4D702C1F100200C0C4A6 /* ProfileSettingViewControllerType.swift */; };
		6B3E4D972C1FCE8B00C0C4A6 /* UIButton+Extension.swift in Sources */ = {isa = PBXBuildFile; fileRef = 6B3E4D962C1FCE8B00C0C4A6 /* UIButton+Extension.swift */; };
		6B44AAC62C212E400079C7C2 /* SnapKit in Frameworks */ = {isa = PBXBuildFile; productRef = 6B44AAC52C212E400079C7C2 /* SnapKit */; };
		6B44AAC92C212E460079C7C2 /* IQKeyboardManagerSwift in Frameworks */ = {isa = PBXBuildFile; productRef = 6B44AAC82C212E460079C7C2 /* IQKeyboardManagerSwift */; };
		6B44AACC2C212E4C0079C7C2 /* Kingfisher in Frameworks */ = {isa = PBXBuildFile; productRef = 6B44AACB2C212E4C0079C7C2 /* Kingfisher */; };
		6B44AACF2C212E550079C7C2 /* Alamofire in Frameworks */ = {isa = PBXBuildFile; productRef = 6B44AACE2C212E550079C7C2 /* Alamofire */; };
		6B44AAD12C213A580079C7C2 /* NetworkManager.swift in Sources */ = {isa = PBXBuildFile; fileRef = 6B44AAD02C213A580079C7C2 /* NetworkManager.swift */; };
/* End PBXBuildFile section */

/* Begin PBXFileReference section */
		6B18193F2C1AEB0F009B0236 /* ShoppingApp.app */ = {isa = PBXFileReference; explicitFileType = wrapper.application; includeInIndex = 0; path = ShoppingApp.app; sourceTree = BUILT_PRODUCTS_DIR; };
		6B1819422C1AEB0F009B0236 /* AppDelegate.swift */ = {isa = PBXFileReference; lastKnownFileType = sourcecode.swift; path = AppDelegate.swift; sourceTree = "<group>"; };
		6B1819442C1AEB0F009B0236 /* SceneDelegate.swift */ = {isa = PBXFileReference; lastKnownFileType = sourcecode.swift; path = SceneDelegate.swift; sourceTree = "<group>"; };
		6B1819462C1AEB0F009B0236 /* OnboardingViewController.swift */ = {isa = PBXFileReference; lastKnownFileType = sourcecode.swift; path = OnboardingViewController.swift; sourceTree = "<group>"; };
		6B18194B2C1AEB10009B0236 /* Assets.xcassets */ = {isa = PBXFileReference; lastKnownFileType = folder.assetcatalog; path = Assets.xcassets; sourceTree = "<group>"; };
		6B18194E2C1AEB10009B0236 /* Base */ = {isa = PBXFileReference; lastKnownFileType = file.storyboard; name = Base; path = Base.lproj/LaunchScreen.storyboard; sourceTree = "<group>"; };
		6B1819502C1AEB10009B0236 /* Info.plist */ = {isa = PBXFileReference; lastKnownFileType = text.plist.xml; path = Info.plist; sourceTree = "<group>"; };
		6B1819672C1B2387009B0236 /* ProfileSettingViewController.swift */ = {isa = PBXFileReference; lastKnownFileType = sourcecode.swift; path = ProfileSettingViewController.swift; sourceTree = "<group>"; };
		6B18196A2C1B261C009B0236 /* IconType.swift */ = {isa = PBXFileReference; lastKnownFileType = sourcecode.swift; path = IconType.swift; sourceTree = "<group>"; };
		6B18196C2C1B271C009B0236 /* ProfileType.swift */ = {isa = PBXFileReference; lastKnownFileType = sourcecode.swift; path = ProfileType.swift; sourceTree = "<group>"; };
		6B1819702C1B39A1009B0236 /* ProfileView.swift */ = {isa = PBXFileReference; lastKnownFileType = sourcecode.swift; path = ProfileView.swift; sourceTree = "<group>"; };
		6B1819722C1B39F8009B0236 /* InputNicknameView.swift */ = {isa = PBXFileReference; lastKnownFileType = sourcecode.swift; path = InputNicknameView.swift; sourceTree = "<group>"; };
		6B1819742C1B45D1009B0236 /* FontType.swift */ = {isa = PBXFileReference; lastKnownFileType = sourcecode.swift; path = FontType.swift; sourceTree = "<group>"; };
		6B1819772C1BCA2C009B0236 /* UserData.swift */ = {isa = PBXFileReference; lastKnownFileType = sourcecode.swift; path = UserData.swift; sourceTree = "<group>"; };
		6B1819792C1BCE83009B0236 /* NicknameChecker.swift */ = {isa = PBXFileReference; lastKnownFileType = sourcecode.swift; path = NicknameChecker.swift; sourceTree = "<group>"; };
		6B18197B2C1BDB1A009B0236 /* NicknameState.swift */ = {isa = PBXFileReference; lastKnownFileType = sourcecode.swift; path = NicknameState.swift; sourceTree = "<group>"; };
		6B18197D2C1BFEED009B0236 /* SelectProfileViewController.swift */ = {isa = PBXFileReference; lastKnownFileType = sourcecode.swift; path = SelectProfileViewController.swift; sourceTree = "<group>"; };
		6B18197F2C1BFF0F009B0236 /* MainViewController.swift */ = {isa = PBXFileReference; lastKnownFileType = sourcecode.swift; path = MainViewController.swift; sourceTree = "<group>"; };
		6B1819812C1C0576009B0236 /* Identifier+Extension.swift */ = {isa = PBXFileReference; lastKnownFileType = sourcecode.swift; path = "Identifier+Extension.swift"; sourceTree = "<group>"; };
		6B1819892C1C0690009B0236 /* ImageCollectionViewCell.swift */ = {isa = PBXFileReference; lastKnownFileType = sourcecode.swift; path = ImageCollectionViewCell.swift; sourceTree = "<group>"; };
		6B18198B2C1C19FC009B0236 /* ProFileViewModel.swift */ = {isa = PBXFileReference; lastKnownFileType = sourcecode.swift; path = ProFileViewModel.swift; sourceTree = "<group>"; };
		6B18198E2C1C2CD8009B0236 /* TabBarController.swift */ = {isa = PBXFileReference; lastKnownFileType = sourcecode.swift; path = TabBarController.swift; sourceTree = "<group>"; };
		6B1819922C1C2E63009B0236 /* SettingViewController.swift */ = {isa = PBXFileReference; lastKnownFileType = sourcecode.swift; path = SettingViewController.swift; sourceTree = "<group>"; };
		6B1819942C1C59B7009B0236 /* RecordListTableViewCell.swift */ = {isa = PBXFileReference; lastKnownFileType = sourcecode.swift; path = RecordListTableViewCell.swift; sourceTree = "<group>"; };
		6B1819962C1C5B05009B0236 /* MainViewModel.swift */ = {isa = PBXFileReference; lastKnownFileType = sourcecode.swift; path = MainViewModel.swift; sourceTree = "<group>"; };
		6B1819982C1D5575009B0236 /* RecordListHeaderView.swift */ = {isa = PBXFileReference; lastKnownFileType = sourcecode.swift; path = RecordListHeaderView.swift; sourceTree = "<group>"; };
		6B18199A2C1D623B009B0236 /* SearchResultViewController.swift */ = {isa = PBXFileReference; lastKnownFileType = sourcecode.swift; path = SearchResultViewController.swift; sourceTree = "<group>"; };
		6B1819A02C1D6A53009B0236 /* SearchResultCollectionViewCell.swift */ = {isa = PBXFileReference; lastKnownFileType = sourcecode.swift; path = SearchResultCollectionViewCell.swift; sourceTree = "<group>"; };
		6B1819A32C1D7C53009B0236 /* ShoppingList.swift */ = {isa = PBXFileReference; lastKnownFileType = sourcecode.swift; path = ShoppingList.swift; sourceTree = "<group>"; };
		6B1819A52C1D7DAF009B0236 /* SearchViewModel.swift */ = {isa = PBXFileReference; lastKnownFileType = sourcecode.swift; path = SearchViewModel.swift; sourceTree = "<group>"; };
		6B1819A72C1D831C009B0236 /* SearchRecord.swift */ = {isa = PBXFileReference; lastKnownFileType = sourcecode.swift; path = SearchRecord.swift; sourceTree = "<group>"; };
		6B1819A92C1D9182009B0236 /* SearchFilterCollectionViewCell.swift */ = {isa = PBXFileReference; lastKnownFileType = sourcecode.swift; path = SearchFilterCollectionViewCell.swift; sourceTree = "<group>"; };
		6B1819AB2C1D9E63009B0236 /* SearchFilterButtonState.swift */ = {isa = PBXFileReference; lastKnownFileType = sourcecode.swift; path = SearchFilterButtonState.swift; sourceTree = "<group>"; };
		6B1819AD2C1D9F49009B0236 /* URLList.swift */ = {isa = PBXFileReference; lastKnownFileType = sourcecode.swift; path = URLList.swift; sourceTree = "<group>"; };
		6B1819AF2C1DAFA6009B0236 /* SearchResultSections.swift */ = {isa = PBXFileReference; lastKnownFileType = sourcecode.swift; path = SearchResultSections.swift; sourceTree = "<group>"; };
		6B1819B12C1DC366009B0236 /* SearchResultHeaderView.swift */ = {isa = PBXFileReference; lastKnownFileType = sourcecode.swift; path = SearchResultHeaderView.swift; sourceTree = "<group>"; };
		6B1819B32C1DC4F9009B0236 /* SearchFilterButton.swift */ = {isa = PBXFileReference; lastKnownFileType = sourcecode.swift; path = SearchFilterButton.swift; sourceTree = "<group>"; };
		6B1819B62C1DCE65009B0236 /* UILabel+Extension.swift */ = {isa = PBXFileReference; lastKnownFileType = sourcecode.swift; path = "UILabel+Extension.swift"; sourceTree = "<group>"; };
		6B3E4D642C1EAD0D00C0C4A6 /* ProductWebViewController.swift */ = {isa = PBXFileReference; lastKnownFileType = sourcecode.swift; path = ProductWebViewController.swift; sourceTree = "<group>"; };
		6B3E4D662C1EB12500C0C4A6 /* WebViewModel.swift */ = {isa = PBXFileReference; lastKnownFileType = sourcecode.swift; path = WebViewModel.swift; sourceTree = "<group>"; };
		6B3E4D682C1EBD6C00C0C4A6 /* String+Extension.swift */ = {isa = PBXFileReference; lastKnownFileType = sourcecode.swift; path = "String+Extension.swift"; sourceTree = "<group>"; };
		6B3E4D6A2C1ECF1600C0C4A6 /* SettingProfileTableCell.swift */ = {isa = PBXFileReference; lastKnownFileType = sourcecode.swift; path = SettingProfileTableCell.swift; sourceTree = "<group>"; };
		6B3E4D6C2C1ECF4600C0C4A6 /* SettingNormalTableCell.swift */ = {isa = PBXFileReference; lastKnownFileType = sourcecode.swift; path = SettingNormalTableCell.swift; sourceTree = "<group>"; };
		6B3E4D6E2C1EF60A00C0C4A6 /* SettingList.swift */ = {isa = PBXFileReference; lastKnownFileType = sourcecode.swift; path = SettingList.swift; sourceTree = "<group>"; };
		6B3E4D702C1F100200C0C4A6 /* ProfileSettingViewControllerType.swift */ = {isa = PBXFileReference; lastKnownFileType = sourcecode.swift; path = ProfileSettingViewControllerType.swift; sourceTree = "<group>"; };
		6B3E4D962C1FCE8B00C0C4A6 /* UIButton+Extension.swift */ = {isa = PBXFileReference; lastKnownFileType = sourcecode.swift; path = "UIButton+Extension.swift"; sourceTree = "<group>"; };
		6B44AAD02C213A580079C7C2 /* NetworkManager.swift */ = {isa = PBXFileReference; lastKnownFileType = sourcecode.swift; path = NetworkManager.swift; sourceTree = "<group>"; };
/* End PBXFileReference section */

/* Begin PBXFrameworksBuildPhase section */
		6B18193C2C1AEB0F009B0236 /* Frameworks */ = {
			isa = PBXFrameworksBuildPhase;
			buildActionMask = 2147483647;
			files = (
				6B44AACC2C212E4C0079C7C2 /* Kingfisher in Frameworks */,
				6B44AACF2C212E550079C7C2 /* Alamofire in Frameworks */,
				6B44AAC62C212E400079C7C2 /* SnapKit in Frameworks */,
				6B44AAC92C212E460079C7C2 /* IQKeyboardManagerSwift in Frameworks */,
			);
			runOnlyForDeploymentPostprocessing = 0;
		};
/* End PBXFrameworksBuildPhase section */

/* Begin PBXGroup section */
		6B1819362C1AEB0F009B0236 = {
			isa = PBXGroup;
			children = (
				6B1819412C1AEB0F009B0236 /* ShoppingApp */,
				6B1819402C1AEB0F009B0236 /* Products */,
			);
			sourceTree = "<group>";
		};
		6B1819402C1AEB0F009B0236 /* Products */ = {
			isa = PBXGroup;
			children = (
				6B18193F2C1AEB0F009B0236 /* ShoppingApp.app */,
			);
			name = Products;
			sourceTree = "<group>";
		};
		6B1819412C1AEB0F009B0236 /* ShoppingApp */ = {
			isa = PBXGroup;
			children = (
				6B1819872C1C0644009B0236 /* LifeCycle */,
				6B1819862C1C0636009B0236 /* OnboardingVC */,
				6B1819842C1C05C9009B0236 /* ProfileSettingVC */,
				6B18198D2C1C2CA7009B0236 /* TabBar */,
				6B1819762C1BC9EC009B0236 /* Util */,
				6B1819692C1B260B009B0236 /* Enum */,
				6B1819642C1B21F7009B0236 /* CommonView */,
				6B1819832C1C057C009B0236 /* Extension */,
				6B1819882C1C0656009B0236 /* Resource */,
				6B1819502C1AEB10009B0236 /* Info.plist */,
			);
			path = ShoppingApp;
			sourceTree = "<group>";
		};
		6B1819642C1B21F7009B0236 /* CommonView */ = {
			isa = PBXGroup;
			children = (
				6B1819B32C1DC4F9009B0236 /* SearchFilterButton.swift */,
				6B1819702C1B39A1009B0236 /* ProfileView.swift */,
				6B1819722C1B39F8009B0236 /* InputNicknameView.swift */,
			);
			path = CommonView;
			sourceTree = "<group>";
		};
		6B1819692C1B260B009B0236 /* Enum */ = {
			isa = PBXGroup;
			children = (
				6B1819AD2C1D9F49009B0236 /* URLList.swift */,
				6B18196A2C1B261C009B0236 /* IconType.swift */,
				6B1819AB2C1D9E63009B0236 /* SearchFilterButtonState.swift */,
				6B1819AF2C1DAFA6009B0236 /* SearchResultSections.swift */,
				6B18197B2C1BDB1A009B0236 /* NicknameState.swift */,
				6B3E4D702C1F100200C0C4A6 /* ProfileSettingViewControllerType.swift */,
				6B3E4D6E2C1EF60A00C0C4A6 /* SettingList.swift */,
				6B18196C2C1B271C009B0236 /* ProfileType.swift */,
				6B1819742C1B45D1009B0236 /* FontType.swift */,
			);
			path = Enum;
			sourceTree = "<group>";
		};
		6B1819762C1BC9EC009B0236 /* Util */ = {
			isa = PBXGroup;
			children = (
				6B1819772C1BCA2C009B0236 /* UserData.swift */,
				6B1819792C1BCE83009B0236 /* NicknameChecker.swift */,
				6B44AAD02C213A580079C7C2 /* NetworkManager.swift */,
			);
			path = Util;
			sourceTree = "<group>";
		};
		6B1819832C1C057C009B0236 /* Extension */ = {
			isa = PBXGroup;
			children = (
				6B1819812C1C0576009B0236 /* Identifier+Extension.swift */,
				6B1819B62C1DCE65009B0236 /* UILabel+Extension.swift */,
				6B3E4D682C1EBD6C00C0C4A6 /* String+Extension.swift */,
				6B3E4D962C1FCE8B00C0C4A6 /* UIButton+Extension.swift */,
			);
			path = Extension;
			sourceTree = "<group>";
		};
		6B1819842C1C05C9009B0236 /* ProfileSettingVC */ = {
			isa = PBXGroup;
			children = (
				6B1819672C1B2387009B0236 /* ProfileSettingViewController.swift */,
				6B18197D2C1BFEED009B0236 /* SelectProfileViewController.swift */,
				6B1819892C1C0690009B0236 /* ImageCollectionViewCell.swift */,
				6B1819912C1C2E48009B0236 /* ViewModel */,
			);
			path = ProfileSettingVC;
			sourceTree = "<group>";
		};
		6B1819852C1C062D009B0236 /* MainVC */ = {
			isa = PBXGroup;
			children = (
				6B18197F2C1BFF0F009B0236 /* MainViewController.swift */,
				6B1819982C1D5575009B0236 /* RecordListHeaderView.swift */,
				6B18199A2C1D623B009B0236 /* SearchResultViewController.swift */,
				6B1819B12C1DC366009B0236 /* SearchResultHeaderView.swift */,
				6B3E4D642C1EAD0D00C0C4A6 /* ProductWebViewController.swift */,
				6B1819B52C1DCB45009B0236 /* Cell */,
				6B1819A22C1D7C09009B0236 /* Model */,
				6B18199F2C1D6A31009B0236 /* ViewModel */,
			);
			path = MainVC;
			sourceTree = "<group>";
		};
		6B1819862C1C0636009B0236 /* OnboardingVC */ = {
			isa = PBXGroup;
			children = (
				6B1819462C1AEB0F009B0236 /* OnboardingViewController.swift */,
			);
			path = OnboardingVC;
			sourceTree = "<group>";
		};
		6B1819872C1C0644009B0236 /* LifeCycle */ = {
			isa = PBXGroup;
			children = (
				6B1819422C1AEB0F009B0236 /* AppDelegate.swift */,
				6B1819442C1AEB0F009B0236 /* SceneDelegate.swift */,
			);
			path = LifeCycle;
			sourceTree = "<group>";
		};
		6B1819882C1C0656009B0236 /* Resource */ = {
			isa = PBXGroup;
			children = (
				6B18194B2C1AEB10009B0236 /* Assets.xcassets */,
				6B18194D2C1AEB10009B0236 /* LaunchScreen.storyboard */,
			);
			path = Resource;
			sourceTree = "<group>";
		};
		6B18198D2C1C2CA7009B0236 /* TabBar */ = {
			isa = PBXGroup;
			children = (
				6B18198E2C1C2CD8009B0236 /* TabBarController.swift */,
				6B1819852C1C062D009B0236 /* MainVC */,
				6B1819902C1C2E1F009B0236 /* SettingVC */,
			);
			path = TabBar;
			sourceTree = "<group>";
		};
		6B1819902C1C2E1F009B0236 /* SettingVC */ = {
			isa = PBXGroup;
			children = (
				6B1819922C1C2E63009B0236 /* SettingViewController.swift */,
				6B3E4D6A2C1ECF1600C0C4A6 /* SettingProfileTableCell.swift */,
				6B3E4D6C2C1ECF4600C0C4A6 /* SettingNormalTableCell.swift */,
			);
			path = SettingVC;
			sourceTree = "<group>";
		};
		6B1819912C1C2E48009B0236 /* ViewModel */ = {
			isa = PBXGroup;
			children = (
				6B18198B2C1C19FC009B0236 /* ProFileViewModel.swift */,
			);
			path = ViewModel;
			sourceTree = "<group>";
		};
		6B18199F2C1D6A31009B0236 /* ViewModel */ = {
			isa = PBXGroup;
			children = (
				6B1819962C1C5B05009B0236 /* MainViewModel.swift */,
				6B1819A52C1D7DAF009B0236 /* SearchViewModel.swift */,
				6B3E4D662C1EB12500C0C4A6 /* WebViewModel.swift */,
			);
			path = ViewModel;
			sourceTree = "<group>";
		};
		6B1819A22C1D7C09009B0236 /* Model */ = {
			isa = PBXGroup;
			children = (
				6B1819A32C1D7C53009B0236 /* ShoppingList.swift */,
				6B1819A72C1D831C009B0236 /* SearchRecord.swift */,
			);
			path = Model;
			sourceTree = "<group>";
		};
		6B1819B52C1DCB45009B0236 /* Cell */ = {
			isa = PBXGroup;
			children = (
				6B1819942C1C59B7009B0236 /* RecordListTableViewCell.swift */,
				6B1819A92C1D9182009B0236 /* SearchFilterCollectionViewCell.swift */,
				6B1819A02C1D6A53009B0236 /* SearchResultCollectionViewCell.swift */,
			);
			path = Cell;
			sourceTree = "<group>";
		};
/* End PBXGroup section */

/* Begin PBXNativeTarget section */
		6B18193E2C1AEB0F009B0236 /* ShoppingApp */ = {
			isa = PBXNativeTarget;
			buildConfigurationList = 6B1819532C1AEB10009B0236 /* Build configuration list for PBXNativeTarget "ShoppingApp" */;
			buildPhases = (
				6B18193B2C1AEB0F009B0236 /* Sources */,
				6B18193C2C1AEB0F009B0236 /* Frameworks */,
				6B18193D2C1AEB0F009B0236 /* Resources */,
			);
			buildRules = (
			);
			dependencies = (
			);
			name = ShoppingApp;
			packageProductDependencies = (
				6B44AAC52C212E400079C7C2 /* SnapKit */,
				6B44AAC82C212E460079C7C2 /* IQKeyboardManagerSwift */,
				6B44AACB2C212E4C0079C7C2 /* Kingfisher */,
				6B44AACE2C212E550079C7C2 /* Alamofire */,
			);
			productName = ShoppingApp;
			productReference = 6B18193F2C1AEB0F009B0236 /* ShoppingApp.app */;
			productType = "com.apple.product-type.application";
		};
/* End PBXNativeTarget section */

/* Begin PBXProject section */
		6B1819372C1AEB0F009B0236 /* Project object */ = {
			isa = PBXProject;
			attributes = {
				BuildIndependentTargetsInParallel = 1;
				LastSwiftUpdateCheck = 1530;
				LastUpgradeCheck = 1530;
				TargetAttributes = {
					6B18193E2C1AEB0F009B0236 = {
						CreatedOnToolsVersion = 15.3;
					};
				};
			};
			buildConfigurationList = 6B18193A2C1AEB0F009B0236 /* Build configuration list for PBXProject "ShoppingApp" */;
			compatibilityVersion = "Xcode 14.0";
			developmentRegion = en;
			hasScannedForEncodings = 0;
			knownRegions = (
				en,
				Base,
			);
			mainGroup = 6B1819362C1AEB0F009B0236;
			packageReferences = (
				6B44AAC42C212E400079C7C2 /* XCRemoteSwiftPackageReference "SnapKit" */,
				6B44AAC72C212E460079C7C2 /* XCRemoteSwiftPackageReference "IQKeyboardManager" */,
				6B44AACA2C212E4C0079C7C2 /* XCRemoteSwiftPackageReference "Kingfisher" */,
				6B44AACD2C212E550079C7C2 /* XCRemoteSwiftPackageReference "Alamofire" */,
			);
			productRefGroup = 6B1819402C1AEB0F009B0236 /* Products */;
			projectDirPath = "";
			projectRoot = "";
			targets = (
				6B18193E2C1AEB0F009B0236 /* ShoppingApp */,
			);
		};
/* End PBXProject section */

/* Begin PBXResourcesBuildPhase section */
		6B18193D2C1AEB0F009B0236 /* Resources */ = {
			isa = PBXResourcesBuildPhase;
			buildActionMask = 2147483647;
			files = (
				6B18194C2C1AEB10009B0236 /* Assets.xcassets in Resources */,
				6B18194F2C1AEB10009B0236 /* Base in Resources */,
			);
			runOnlyForDeploymentPostprocessing = 0;
		};
/* End PBXResourcesBuildPhase section */

/* Begin PBXSourcesBuildPhase section */
		6B18193B2C1AEB0F009B0236 /* Sources */ = {
			isa = PBXSourcesBuildPhase;
			buildActionMask = 2147483647;
			files = (
				6B1819752C1B45D1009B0236 /* FontType.swift in Sources */,
				6B3E4D6B2C1ECF1600C0C4A6 /* SettingProfileTableCell.swift in Sources */,
				6B1819952C1C59B7009B0236 /* RecordListTableViewCell.swift in Sources */,
				6B3E4D972C1FCE8B00C0C4A6 /* UIButton+Extension.swift in Sources */,
				6B18196B2C1B261C009B0236 /* IconType.swift in Sources */,
				6B3E4D652C1EAD0D00C0C4A6 /* ProductWebViewController.swift in Sources */,
				6B1819A42C1D7C53009B0236 /* ShoppingList.swift in Sources */,
				6B18198F2C1C2CD8009B0236 /* TabBarController.swift in Sources */,
				6B18197A2C1BCE83009B0236 /* NicknameChecker.swift in Sources */,
				6B1819A82C1D831C009B0236 /* SearchRecord.swift in Sources */,
				6B18197C2C1BDB1A009B0236 /* NicknameState.swift in Sources */,
				6B1819932C1C2E63009B0236 /* SettingViewController.swift in Sources */,
				6B18197E2C1BFEED009B0236 /* SelectProfileViewController.swift in Sources */,
				6B1819712C1B39A1009B0236 /* ProfileView.swift in Sources */,
				6B18198A2C1C0690009B0236 /* ImageCollectionViewCell.swift in Sources */,
				6B1819992C1D5575009B0236 /* RecordListHeaderView.swift in Sources */,
				6B3E4D672C1EB12500C0C4A6 /* WebViewModel.swift in Sources */,
				6B3E4D712C1F100200C0C4A6 /* ProfileSettingViewControllerType.swift in Sources */,
				6B3E4D6F2C1EF60A00C0C4A6 /* SettingList.swift in Sources */,
				6B1819802C1BFF0F009B0236 /* MainViewController.swift in Sources */,
				6B1819AA2C1D9182009B0236 /* SearchFilterCollectionViewCell.swift in Sources */,
				6B1819472C1AEB0F009B0236 /* OnboardingViewController.swift in Sources */,
				6B1819B72C1DCE65009B0236 /* UILabel+Extension.swift in Sources */,
				6B18196D2C1B271C009B0236 /* ProfileType.swift in Sources */,
				6B1819B02C1DAFA6009B0236 /* SearchResultSections.swift in Sources */,
				6B3E4D692C1EBD6C00C0C4A6 /* String+Extension.swift in Sources */,
				6B1819782C1BCA2C009B0236 /* UserData.swift in Sources */,
				6B1819682C1B2388009B0236 /* ProfileSettingViewController.swift in Sources */,
				6B1819AE2C1D9F49009B0236 /* URLList.swift in Sources */,
				6B1819432C1AEB0F009B0236 /* AppDelegate.swift in Sources */,
				6B1819452C1AEB0F009B0236 /* SceneDelegate.swift in Sources */,
				6B1819A12C1D6A53009B0236 /* SearchResultCollectionViewCell.swift in Sources */,
				6B18198C2C1C19FC009B0236 /* ProFileViewModel.swift in Sources */,
				6B1819732C1B39F8009B0236 /* InputNicknameView.swift in Sources */,
				6B1819822C1C0576009B0236 /* Identifier+Extension.swift in Sources */,
				6B1819B22C1DC366009B0236 /* SearchResultHeaderView.swift in Sources */,
				6B1819A62C1D7DAF009B0236 /* SearchViewModel.swift in Sources */,
				6B18199B2C1D623B009B0236 /* SearchResultViewController.swift in Sources */,
				6B1819972C1C5B05009B0236 /* MainViewModel.swift in Sources */,
				6B1819AC2C1D9E63009B0236 /* SearchFilterButtonState.swift in Sources */,
				6B3E4D6D2C1ECF4600C0C4A6 /* SettingNormalTableCell.swift in Sources */,
				6B44AAD12C213A580079C7C2 /* NetworkManager.swift in Sources */,
				6B1819B42C1DC4F9009B0236 /* SearchFilterButton.swift in Sources */,
			);
			runOnlyForDeploymentPostprocessing = 0;
		};
/* End PBXSourcesBuildPhase section */

/* Begin PBXVariantGroup section */
		6B18194D2C1AEB10009B0236 /* LaunchScreen.storyboard */ = {
			isa = PBXVariantGroup;
			children = (
				6B18194E2C1AEB10009B0236 /* Base */,
			);
			name = LaunchScreen.storyboard;
			sourceTree = "<group>";
		};
/* End PBXVariantGroup section */

/* Begin XCBuildConfiguration section */
		6B1819512C1AEB10009B0236 /* Debug */ = {
			isa = XCBuildConfiguration;
			buildSettings = {
				ALWAYS_SEARCH_USER_PATHS = NO;
				ASSETCATALOG_COMPILER_GENERATE_SWIFT_ASSET_SYMBOL_EXTENSIONS = YES;
				CLANG_ANALYZER_NONNULL = YES;
				CLANG_ANALYZER_NUMBER_OBJECT_CONVERSION = YES_AGGRESSIVE;
				CLANG_CXX_LANGUAGE_STANDARD = "gnu++20";
				CLANG_ENABLE_MODULES = YES;
				CLANG_ENABLE_OBJC_ARC = YES;
				CLANG_ENABLE_OBJC_WEAK = YES;
				CLANG_WARN_BLOCK_CAPTURE_AUTORELEASING = YES;
				CLANG_WARN_BOOL_CONVERSION = YES;
				CLANG_WARN_COMMA = YES;
				CLANG_WARN_CONSTANT_CONVERSION = YES;
				CLANG_WARN_DEPRECATED_OBJC_IMPLEMENTATIONS = YES;
				CLANG_WARN_DIRECT_OBJC_ISA_USAGE = YES_ERROR;
				CLANG_WARN_DOCUMENTATION_COMMENTS = YES;
				CLANG_WARN_EMPTY_BODY = YES;
				CLANG_WARN_ENUM_CONVERSION = YES;
				CLANG_WARN_INFINITE_RECURSION = YES;
				CLANG_WARN_INT_CONVERSION = YES;
				CLANG_WARN_NON_LITERAL_NULL_CONVERSION = YES;
				CLANG_WARN_OBJC_IMPLICIT_RETAIN_SELF = YES;
				CLANG_WARN_OBJC_LITERAL_CONVERSION = YES;
				CLANG_WARN_OBJC_ROOT_CLASS = YES_ERROR;
				CLANG_WARN_QUOTED_INCLUDE_IN_FRAMEWORK_HEADER = YES;
				CLANG_WARN_RANGE_LOOP_ANALYSIS = YES;
				CLANG_WARN_STRICT_PROTOTYPES = YES;
				CLANG_WARN_SUSPICIOUS_MOVE = YES;
				CLANG_WARN_UNGUARDED_AVAILABILITY = YES_AGGRESSIVE;
				CLANG_WARN_UNREACHABLE_CODE = YES;
				CLANG_WARN__DUPLICATE_METHOD_MATCH = YES;
				COPY_PHASE_STRIP = NO;
				DEBUG_INFORMATION_FORMAT = dwarf;
				ENABLE_STRICT_OBJC_MSGSEND = YES;
				ENABLE_TESTABILITY = YES;
				ENABLE_USER_SCRIPT_SANDBOXING = YES;
				GCC_C_LANGUAGE_STANDARD = gnu17;
				GCC_DYNAMIC_NO_PIC = NO;
				GCC_NO_COMMON_BLOCKS = YES;
				GCC_OPTIMIZATION_LEVEL = 0;
				GCC_PREPROCESSOR_DEFINITIONS = (
					"DEBUG=1",
					"$(inherited)",
				);
				GCC_WARN_64_TO_32_BIT_CONVERSION = YES;
				GCC_WARN_ABOUT_RETURN_TYPE = YES_ERROR;
				GCC_WARN_UNDECLARED_SELECTOR = YES;
				GCC_WARN_UNINITIALIZED_AUTOS = YES_AGGRESSIVE;
				GCC_WARN_UNUSED_FUNCTION = YES;
				GCC_WARN_UNUSED_VARIABLE = YES;
				IPHONEOS_DEPLOYMENT_TARGET = 16.0;
				LOCALIZATION_PREFERS_STRING_CATALOGS = YES;
				MTL_ENABLE_DEBUG_INFO = INCLUDE_SOURCE;
				MTL_FAST_MATH = YES;
				ONLY_ACTIVE_ARCH = YES;
				SDKROOT = iphoneos;
				SWIFT_ACTIVE_COMPILATION_CONDITIONS = "DEBUG $(inherited)";
				SWIFT_OPTIMIZATION_LEVEL = "-Onone";
			};
			name = Debug;
		};
		6B1819522C1AEB10009B0236 /* Release */ = {
			isa = XCBuildConfiguration;
			buildSettings = {
				ALWAYS_SEARCH_USER_PATHS = NO;
				ASSETCATALOG_COMPILER_GENERATE_SWIFT_ASSET_SYMBOL_EXTENSIONS = YES;
				CLANG_ANALYZER_NONNULL = YES;
				CLANG_ANALYZER_NUMBER_OBJECT_CONVERSION = YES_AGGRESSIVE;
				CLANG_CXX_LANGUAGE_STANDARD = "gnu++20";
				CLANG_ENABLE_MODULES = YES;
				CLANG_ENABLE_OBJC_ARC = YES;
				CLANG_ENABLE_OBJC_WEAK = YES;
				CLANG_WARN_BLOCK_CAPTURE_AUTORELEASING = YES;
				CLANG_WARN_BOOL_CONVERSION = YES;
				CLANG_WARN_COMMA = YES;
				CLANG_WARN_CONSTANT_CONVERSION = YES;
				CLANG_WARN_DEPRECATED_OBJC_IMPLEMENTATIONS = YES;
				CLANG_WARN_DIRECT_OBJC_ISA_USAGE = YES_ERROR;
				CLANG_WARN_DOCUMENTATION_COMMENTS = YES;
				CLANG_WARN_EMPTY_BODY = YES;
				CLANG_WARN_ENUM_CONVERSION = YES;
				CLANG_WARN_INFINITE_RECURSION = YES;
				CLANG_WARN_INT_CONVERSION = YES;
				CLANG_WARN_NON_LITERAL_NULL_CONVERSION = YES;
				CLANG_WARN_OBJC_IMPLICIT_RETAIN_SELF = YES;
				CLANG_WARN_OBJC_LITERAL_CONVERSION = YES;
				CLANG_WARN_OBJC_ROOT_CLASS = YES_ERROR;
				CLANG_WARN_QUOTED_INCLUDE_IN_FRAMEWORK_HEADER = YES;
				CLANG_WARN_RANGE_LOOP_ANALYSIS = YES;
				CLANG_WARN_STRICT_PROTOTYPES = YES;
				CLANG_WARN_SUSPICIOUS_MOVE = YES;
				CLANG_WARN_UNGUARDED_AVAILABILITY = YES_AGGRESSIVE;
				CLANG_WARN_UNREACHABLE_CODE = YES;
				CLANG_WARN__DUPLICATE_METHOD_MATCH = YES;
				COPY_PHASE_STRIP = NO;
				DEBUG_INFORMATION_FORMAT = "dwarf-with-dsym";
				ENABLE_NS_ASSERTIONS = NO;
				ENABLE_STRICT_OBJC_MSGSEND = YES;
				ENABLE_USER_SCRIPT_SANDBOXING = YES;
				GCC_C_LANGUAGE_STANDARD = gnu17;
				GCC_NO_COMMON_BLOCKS = YES;
				GCC_WARN_64_TO_32_BIT_CONVERSION = YES;
				GCC_WARN_ABOUT_RETURN_TYPE = YES_ERROR;
				GCC_WARN_UNDECLARED_SELECTOR = YES;
				GCC_WARN_UNINITIALIZED_AUTOS = YES_AGGRESSIVE;
				GCC_WARN_UNUSED_FUNCTION = YES;
				GCC_WARN_UNUSED_VARIABLE = YES;
				IPHONEOS_DEPLOYMENT_TARGET = 16.0;
				LOCALIZATION_PREFERS_STRING_CATALOGS = YES;
				MTL_ENABLE_DEBUG_INFO = NO;
				MTL_FAST_MATH = YES;
				SDKROOT = iphoneos;
				SWIFT_COMPILATION_MODE = wholemodule;
				VALIDATE_PRODUCT = YES;
			};
			name = Release;
		};
		6B1819542C1AEB10009B0236 /* Debug */ = {
			isa = XCBuildConfiguration;
			buildSettings = {
				ASSETCATALOG_COMPILER_APPICON_NAME = AppIcon;
				ASSETCATALOG_COMPILER_GLOBAL_ACCENT_COLOR_NAME = AccentColor;
				CODE_SIGN_STYLE = Automatic;
				CURRENT_PROJECT_VERSION = 1;
				DEVELOPMENT_TEAM = F8Q3Y446GH;
				GENERATE_INFOPLIST_FILE = YES;
				INFOPLIST_FILE = ShoppingApp/Info.plist;
				INFOPLIST_KEY_CFBundleDisplayName = "최승범";
				INFOPLIST_KEY_UIApplicationSupportsIndirectInputEvents = YES;
				INFOPLIST_KEY_UILaunchStoryboardName = LaunchScreen;
				INFOPLIST_KEY_UISupportedInterfaceOrientations = UIInterfaceOrientationPortrait;
				INFOPLIST_KEY_UISupportedInterfaceOrientations_iPad = UIInterfaceOrientationPortrait;
				IPHONEOS_DEPLOYMENT_TARGET = 15.0;
				LD_RUNPATH_SEARCH_PATHS = (
					"$(inherited)",
					"@executable_path/Frameworks",
				);
				MARKETING_VERSION = 1.0;
				PRODUCT_BUNDLE_IDENTIFIER = beom.ShoppingApp;
				PRODUCT_NAME = "$(TARGET_NAME)";
				SUPPORTED_PLATFORMS = "iphoneos iphonesimulator";
				SUPPORTS_MACCATALYST = NO;
				SUPPORTS_MAC_DESIGNED_FOR_IPHONE_IPAD = NO;
				SUPPORTS_XR_DESIGNED_FOR_IPHONE_IPAD = NO;
				SWIFT_EMIT_LOC_STRINGS = YES;
				SWIFT_VERSION = 5.0;
				TARGETED_DEVICE_FAMILY = 1;
			};
			name = Debug;
		};
		6B1819552C1AEB10009B0236 /* Release */ = {
			isa = XCBuildConfiguration;
			buildSettings = {
				ASSETCATALOG_COMPILER_APPICON_NAME = AppIcon;
				ASSETCATALOG_COMPILER_GLOBAL_ACCENT_COLOR_NAME = AccentColor;
				CODE_SIGN_STYLE = Automatic;
				CURRENT_PROJECT_VERSION = 1;
				DEVELOPMENT_TEAM = F8Q3Y446GH;
				GENERATE_INFOPLIST_FILE = YES;
				INFOPLIST_FILE = ShoppingApp/Info.plist;
				INFOPLIST_KEY_CFBundleDisplayName = "최승범";
				INFOPLIST_KEY_UIApplicationSupportsIndirectInputEvents = YES;
				INFOPLIST_KEY_UILaunchStoryboardName = LaunchScreen;
				INFOPLIST_KEY_UISupportedInterfaceOrientations = UIInterfaceOrientationPortrait;
				INFOPLIST_KEY_UISupportedInterfaceOrientations_iPad = UIInterfaceOrientationPortrait;
				IPHONEOS_DEPLOYMENT_TARGET = 15.0;
				LD_RUNPATH_SEARCH_PATHS = (
					"$(inherited)",
					"@executable_path/Frameworks",
				);
				MARKETING_VERSION = 1.0;
				PRODUCT_BUNDLE_IDENTIFIER = beom.ShoppingApp;
				PRODUCT_NAME = "$(TARGET_NAME)";
				SUPPORTED_PLATFORMS = "iphoneos iphonesimulator";
				SUPPORTS_MACCATALYST = NO;
				SUPPORTS_MAC_DESIGNED_FOR_IPHONE_IPAD = NO;
				SUPPORTS_XR_DESIGNED_FOR_IPHONE_IPAD = NO;
				SWIFT_EMIT_LOC_STRINGS = YES;
				SWIFT_VERSION = 5.0;
				TARGETED_DEVICE_FAMILY = 1;
			};
			name = Release;
		};
/* End XCBuildConfiguration section */

/* Begin XCConfigurationList section */
		6B18193A2C1AEB0F009B0236 /* Build configuration list for PBXProject "ShoppingApp" */ = {
			isa = XCConfigurationList;
			buildConfigurations = (
				6B1819512C1AEB10009B0236 /* Debug */,
				6B1819522C1AEB10009B0236 /* Release */,
			);
			defaultConfigurationIsVisible = 0;
			defaultConfigurationName = Release;
		};
		6B1819532C1AEB10009B0236 /* Build configuration list for PBXNativeTarget "ShoppingApp" */ = {
			isa = XCConfigurationList;
			buildConfigurations = (
				6B1819542C1AEB10009B0236 /* Debug */,
				6B1819552C1AEB10009B0236 /* Release */,
			);
			defaultConfigurationIsVisible = 0;
			defaultConfigurationName = Release;
		};
/* End XCConfigurationList section */

/* Begin XCRemoteSwiftPackageReference section */
		6B44AAC42C212E400079C7C2 /* XCRemoteSwiftPackageReference "SnapKit" */ = {
			isa = XCRemoteSwiftPackageReference;
			repositoryURL = "https://github.com/SnapKit/SnapKit.git";
			requirement = {
				kind = upToNextMajorVersion;
				minimumVersion = 5.7.1;
			};
		};
		6B44AAC72C212E460079C7C2 /* XCRemoteSwiftPackageReference "IQKeyboardManager" */ = {
			isa = XCRemoteSwiftPackageReference;
			repositoryURL = "https://github.com/hackiftekhar/IQKeyboardManager.git";
			requirement = {
				kind = upToNextMajorVersion;
				minimumVersion = 7.0.3;
			};
		};
		6B44AACA2C212E4C0079C7C2 /* XCRemoteSwiftPackageReference "Kingfisher" */ = {
			isa = XCRemoteSwiftPackageReference;
			repositoryURL = "https://github.com/onevcat/Kingfisher.git";
			requirement = {
				kind = upToNextMajorVersion;
				minimumVersion = 7.12.0;
			};
		};
		6B44AACD2C212E550079C7C2 /* XCRemoteSwiftPackageReference "Alamofire" */ = {
			isa = XCRemoteSwiftPackageReference;
			repositoryURL = "https://github.com/Alamofire/Alamofire.git";
			requirement = {
				kind = upToNextMajorVersion;
				minimumVersion = 5.9.1;
			};
		};
/* End XCRemoteSwiftPackageReference section */

/* Begin XCSwiftPackageProductDependency section */
		6B44AAC52C212E400079C7C2 /* SnapKit */ = {
			isa = XCSwiftPackageProductDependency;
			package = 6B44AAC42C212E400079C7C2 /* XCRemoteSwiftPackageReference "SnapKit" */;
			productName = SnapKit;
		};
		6B44AAC82C212E460079C7C2 /* IQKeyboardManagerSwift */ = {
			isa = XCSwiftPackageProductDependency;
			package = 6B44AAC72C212E460079C7C2 /* XCRemoteSwiftPackageReference "IQKeyboardManager" */;
			productName = IQKeyboardManagerSwift;
		};
		6B44AACB2C212E4C0079C7C2 /* Kingfisher */ = {
			isa = XCSwiftPackageProductDependency;
			package = 6B44AACA2C212E4C0079C7C2 /* XCRemoteSwiftPackageReference "Kingfisher" */;
			productName = Kingfisher;
		};
		6B44AACE2C212E550079C7C2 /* Alamofire */ = {
			isa = XCSwiftPackageProductDependency;
			package = 6B44AACD2C212E550079C7C2 /* XCRemoteSwiftPackageReference "Alamofire" */;
			productName = Alamofire;
		};
/* End XCSwiftPackageProductDependency section */
	};
	rootObject = 6B1819372C1AEB0F009B0236 /* Project object */;
}
